
Microsoft Visual Studio Solution File, Format Version 12.00
# Visual Studio Version 17
VisualStudioVersion = 17.8.34525.116
MinimumVisualStudioVersion = 10.0.40219.1
Project("{FAE04EC0-301F-11D3-BF4B-00C04F79EFBC}") = "MetroFrame", "MetroFrame.csproj", "{544D7C71-CEE2-4519-8053-C38FEFF3F83B}"
EndProject
Global
	GlobalSection(SolutionConfigurationPlatforms) = preSolution
		Debug|Any CPU = Debug|Any CPU
		Release|Any CPU = Release|Any CPU
	EndGlobalSection
	GlobalSection(ProjectConfigurationPlatforms) = postSolution
		{544D7C71-CEE2-4519-8053-C38FEFF3F83B}.Debug|Any CPU.ActiveCfg = Debug|Any CPU
		{544D7C71-CEE2-4519-8053-C38FEFF3F83B}.Debug|Any CPU.Build.0 = Debug|Any CPU
		{544D7C71-CEE2-4519-8053-C38FEFF3F83B}.Release|Any CPU.ActiveCfg = Release|Any CPU
		{544D7C71-CEE2-4519-8053-C38FEFF3F83B}.Release|Any CPU.Build.0 = Release|Any CPU
	EndGlobalSection
	GlobalSection(SolutionProperties) = preSolution
		HideSolutionNode = FALSE
	EndGlobalSection
	GlobalSection(ExtensibilityGlobals) = postSolution
		SolutionGuid = {39FD1B13-B295-42A2-B25B-B722E65504ED}
	EndGlobalSection
EndGlobal
